
Microsoft Visual Studio Solution File, Format Version 12.00
# Visual Studio Version 16
VisualStudioVersion = 16.0.30011.22
MinimumVisualStudioVersion = 10.0.40219.1
Project("{FAE04EC0-301F-11D3-BF4B-00C04F79EFBC}") = "Cloud_Blog", "Cloud_Blog\Cloud_Blog.csproj", "{BAAEFB79-6272-4A1C-9541-9FEB30F234CF}"
EndProject
Global
	GlobalSection(SolutionConfigurationPlatforms) = preSolution
		Debug|Any CPU = Debug|Any CPU
		Release|Any CPU = Release|Any CPU
	EndGlobalSection
	GlobalSection(ProjectConfigurationPlatforms) = postSolution
		{BAAEFB79-6272-4A1C-9541-9FEB30F234CF}.Debug|Any CPU.ActiveCfg = Debug|Any CPU
		{BAAEFB79-6272-4A1C-9541-9FEB30F234CF}.Debug|Any CPU.Build.0 = Debug|Any CPU
		{BAAEFB79-6272-4A1C-9541-9FEB30F234CF}.Release|Any CPU.ActiveCfg = Release|Any CPU
		{BAAEFB79-6272-4A1C-9541-9FEB30F234CF}.Release|Any CPU.Build.0 = Release|Any CPU
	EndGlobalSection
	GlobalSection(SolutionProperties) = preSolution
		HideSolutionNode = FALSE
	EndGlobalSection
	GlobalSection(ExtensibilityGlobals) = postSolution
		SolutionGuid = {EA40E34D-5C0A-47BB-B0A1-81BDFD454A44}
	EndGlobalSection
EndGlobal
